// !$*UTF8*$!
{
	archiveVersion = 1;
	classes = {
	};
	objectVersion = 50;
	objects = {

/* Begin PBXBuildFile section */
		43573FE82635961800DF0A9F /* ARView.swift in Sources */ = {isa = PBXBuildFile; fileRef = 43573FE72635961800DF0A9F /* ARView.swift */; };
		43573FEB2635965600DF0A9F /* FaceNode.swift in Sources */ = {isa = PBXBuildFile; fileRef = 43573FEA2635965600DF0A9F /* FaceNode.swift */; };
		43573FEE2635967F00DF0A9F /* ImagePicker.swift in Sources */ = {isa = PBXBuildFile; fileRef = 43573FED2635967F00DF0A9F /* ImagePicker.swift */; };
		4399D2722631681A0015F65F /* CanvasView.swift in Sources */ = {isa = PBXBuildFile; fileRef = 4399D2712631681A0015F65F /* CanvasView.swift */; };
		4399D27526316AAE0015F65F /* MainView.swift in Sources */ = {isa = PBXBuildFile; fileRef = 4399D27426316AAE0015F65F /* MainView.swift */; };
		4399D27C263173900015F65F /* DrawingView.swift in Sources */ = {isa = PBXBuildFile; fileRef = 4399D27B263173900015F65F /* DrawingView.swift */; };
		4399D28126317AEF0015F65F /* DrawingRendition.swift in Sources */ = {isa = PBXBuildFile; fileRef = 4399D28026317AEF0015F65F /* DrawingRendition.swift */; };
		4399D2892631CD7B0015F65F /* Constant.swift in Sources */ = {isa = PBXBuildFile; fileRef = 4399D2882631CD7B0015F65F /* Constant.swift */; };
		43A2DCA3263012E600FCCF7C /* FacioApp.swift in Sources */ = {isa = PBXBuildFile; fileRef = 43A2DCA2263012E600FCCF7C /* FacioApp.swift */; };
		43A2DCA7263012EA00FCCF7C /* Assets.xcassets in Resources */ = {isa = PBXBuildFile; fileRef = 43A2DCA6263012EA00FCCF7C /* Assets.xcassets */; };
		43A2DCAA263012EA00FCCF7C /* Preview Assets.xcassets in Resources */ = {isa = PBXBuildFile; fileRef = 43A2DCA9263012EA00FCCF7C /* Preview Assets.xcassets */; };
/* End PBXBuildFile section */

/* Begin PBXFileReference section */
		43573FE72635961800DF0A9F /* ARView.swift */ = {isa = PBXFileReference; lastKnownFileType = sourcecode.swift; path = ARView.swift; sourceTree = "<group>"; };
		43573FEA2635965600DF0A9F /* FaceNode.swift */ = {isa = PBXFileReference; lastKnownFileType = sourcecode.swift; path = FaceNode.swift; sourceTree = "<group>"; };
		43573FED2635967F00DF0A9F /* ImagePicker.swift */ = {isa = PBXFileReference; lastKnownFileType = sourcecode.swift; path = ImagePicker.swift; sourceTree = "<group>"; };
		4399D2712631681A0015F65F /* CanvasView.swift */ = {isa = PBXFileReference; lastKnownFileType = sourcecode.swift; path = CanvasView.swift; sourceTree = "<group>"; };
		4399D27426316AAE0015F65F /* MainView.swift */ = {isa = PBXFileReference; lastKnownFileType = sourcecode.swift; path = MainView.swift; sourceTree = "<group>"; };
		4399D27B263173900015F65F /* DrawingView.swift */ = {isa = PBXFileReference; lastKnownFileType = sourcecode.swift; path = DrawingView.swift; sourceTree = "<group>"; };
		4399D28026317AEF0015F65F /* DrawingRendition.swift */ = {isa = PBXFileReference; lastKnownFileType = sourcecode.swift; path = DrawingRendition.swift; sourceTree = "<group>"; };
		4399D2882631CD7B0015F65F /* Constant.swift */ = {isa = PBXFileReference; lastKnownFileType = sourcecode.swift; path = Constant.swift; sourceTree = "<group>"; };
		43A2DC9F263012E600FCCF7C /* Facio.app */ = {isa = PBXFileReference; explicitFileType = wrapper.application; includeInIndex = 0; path = Facio.app; sourceTree = BUILT_PRODUCTS_DIR; };
		43A2DCA2263012E600FCCF7C /* FacioApp.swift */ = {isa = PBXFileReference; lastKnownFileType = sourcecode.swift; path = FacioApp.swift; sourceTree = "<group>"; };
		43A2DCA6263012EA00FCCF7C /* Assets.xcassets */ = {isa = PBXFileReference; lastKnownFileType = folder.assetcatalog; path = Assets.xcassets; sourceTree = "<group>"; };
		43A2DCA9263012EA00FCCF7C /* Preview Assets.xcassets */ = {isa = PBXFileReference; lastKnownFileType = folder.assetcatalog; path = "Preview Assets.xcassets"; sourceTree = "<group>"; };
		43A2DCAB263012EA00FCCF7C /* Info.plist */ = {isa = PBXFileReference; lastKnownFileType = text.plist.xml; path = Info.plist; sourceTree = "<group>"; };
/* End PBXFileReference section */

/* Begin PBXFrameworksBuildPhase section */
		43A2DC9C263012E600FCCF7C /* Frameworks */ = {
			isa = PBXFrameworksBuildPhase;
			buildActionMask = 2147483647;
			files = (
			);
			runOnlyForDeploymentPostprocessing = 0;
		};
/* End PBXFrameworksBuildPhase section */

/* Begin PBXGroup section */
		4399D26F2631673C0015F65F /* Views */ = {
			isa = PBXGroup;
			children = (
				4399D2712631681A0015F65F /* CanvasView.swift */,
				4399D27426316AAE0015F65F /* MainView.swift */,
				4399D27B263173900015F65F /* DrawingView.swift */,
				43573FE72635961800DF0A9F /* ARView.swift */,
				43573FED2635967F00DF0A9F /* ImagePicker.swift */,
			);
			path = Views;
			sourceTree = "<group>";
		};
		4399D27F26317AA60015F65F /* Models */ = {
			isa = PBXGroup;
			children = (
				43573FEA2635965600DF0A9F /* FaceNode.swift */,
				4399D28026317AEF0015F65F /* DrawingRendition.swift */,
			);
			path = Models;
			sourceTree = "<group>";
		};
		4399D2872631CD650015F65F /* Utilities */ = {
			isa = PBXGroup;
			children = (
				4399D2882631CD7B0015F65F /* Constant.swift */,
			);
			path = Utilities;
			sourceTree = "<group>";
		};
		43A2DC96263012E600FCCF7C = {
			isa = PBXGroup;
			children = (
				43A2DCA1263012E600FCCF7C /* Facio */,
				43A2DCA0263012E600FCCF7C /* Products */,
			);
			sourceTree = "<group>";
		};
		43A2DCA0263012E600FCCF7C /* Products */ = {
			isa = PBXGroup;
			children = (
				43A2DC9F263012E600FCCF7C /* Facio.app */,
			);
			name = Products;
			sourceTree = "<group>";
		};
		43A2DCA1263012E600FCCF7C /* Facio */ = {
			isa = PBXGroup;
			children = (
				4399D2872631CD650015F65F /* Utilities */,
				4399D27F26317AA60015F65F /* Models */,
				4399D26F2631673C0015F65F /* Views */,
				43A2DCA2263012E600FCCF7C /* FacioApp.swift */,
				43A2DCA6263012EA00FCCF7C /* Assets.xcassets */,
				43A2DCAB263012EA00FCCF7C /* Info.plist */,
				43A2DCA8263012EA00FCCF7C /* Preview Content */,
			);
			path = Facio;
			sourceTree = "<group>";
		};
		43A2DCA8263012EA00FCCF7C /* Preview Content */ = {
			isa = PBXGroup;
			children = (
				43A2DCA9263012EA00FCCF7C /* Preview Assets.xcassets */,
			);
			path = "Preview Content";
			sourceTree = "<group>";
		};
/* End PBXGroup section */

/* Begin PBXNativeTarget section */
		43A2DC9E263012E600FCCF7C /* Facio */ = {
			isa = PBXNativeTarget;
			buildConfigurationList = 43A2DCAE263012EA00FCCF7C /* Build configuration list for PBXNativeTarget "Facio" */;
			buildPhases = (
				43A2DC9B263012E600FCCF7C /* Sources */,
				43A2DC9C263012E600FCCF7C /* Frameworks */,
				43A2DC9D263012E600FCCF7C /* Resources */,
			);
			buildRules = (
			);
			dependencies = (
			);
			name = Facio;
			productName = Facio;
			productReference = 43A2DC9F263012E600FCCF7C /* Facio.app */;
			productType = "com.apple.product-type.application";
		};
/* End PBXNativeTarget section */

/* Begin PBXProject section */
		43A2DC97263012E600FCCF7C /* Project object */ = {
			isa = PBXProject;
			attributes = {
				LastSwiftUpdateCheck = 1240;
				LastUpgradeCheck = 1240;
				TargetAttributes = {
					43A2DC9E263012E600FCCF7C = {
						CreatedOnToolsVersion = 12.4;
					};
				};
			};
			buildConfigurationList = 43A2DC9A263012E600FCCF7C /* Build configuration list for PBXProject "Facio" */;
			compatibilityVersion = "Xcode 9.3";
			developmentRegion = en;
			hasScannedForEncodings = 0;
			knownRegions = (
				en,
				Base,
			);
			mainGroup = 43A2DC96263012E600FCCF7C;
			productRefGroup = 43A2DCA0263012E600FCCF7C /* Products */;
			projectDirPath = "";
			projectRoot = "";
			targets = (
				43A2DC9E263012E600FCCF7C /* Facio */,
			);
		};
/* End PBXProject section */

/* Begin PBXResourcesBuildPhase section */
		43A2DC9D263012E600FCCF7C /* Resources */ = {
			isa = PBXResourcesBuildPhase;
			buildActionMask = 2147483647;
			files = (
				43A2DCAA263012EA00FCCF7C /* Preview Assets.xcassets in Resources */,
				43A2DCA7263012EA00FCCF7C /* Assets.xcassets in Resources */,
			);
			runOnlyForDeploymentPostprocessing = 0;
		};
/* End PBXResourcesBuildPhase section */

/* Begin PBXSourcesBuildPhase section */
		43A2DC9B263012E600FCCF7C /* Sources */ = {
			isa = PBXSourcesBuildPhase;
			buildActionMask = 2147483647;
			files = (
				4399D2722631681A0015F65F /* CanvasView.swift in Sources */,
				4399D28126317AEF0015F65F /* DrawingRendition.swift in Sources */,
				43573FE82635961800DF0A9F /* ARView.swift in Sources */,
				43573FEE2635967F00DF0A9F /* ImagePicker.swift in Sources */,
				4399D27526316AAE0015F65F /* MainView.swift in Sources */,
				4399D27C263173900015F65F /* DrawingView.swift in Sources */,
				43A2DCA3263012E600FCCF7C /* FacioApp.swift in Sources */,
				43573FEB2635965600DF0A9F /* FaceNode.swift in Sources */,
				4399D2892631CD7B0015F65F /* Constant.swift in Sources */,
			);
			runOnlyForDeploymentPostprocessing = 0;
		};
/* End PBXSourcesBuildPhase section */

/* Begin XCBuildConfiguration section */
		43A2DCAC263012EA00FCCF7C /* Debug */ = {
			isa = XCBuildConfiguration;
			buildSettings = {
				ALWAYS_SEARCH_USER_PATHS = NO;
				CLANG_ANALYZER_NONNULL = YES;
				CLANG_ANALYZER_NUMBER_OBJECT_CONVERSION = YES_AGGRESSIVE;
				CLANG_CXX_LANGUAGE_STANDARD = "gnu++14";
				CLANG_CXX_LIBRARY = "libc++";
				CLANG_ENABLE_MODULES = YES;
				CLANG_ENABLE_OBJC_ARC = YES;
				CLANG_ENABLE_OBJC_WEAK = YES;
				CLANG_WARN_BLOCK_CAPTURE_AUTORELEASING = YES;
				CLANG_WARN_BOOL_CONVERSION = YES;
				CLANG_WARN_COMMA = YES;
				CLANG_WARN_CONSTANT_CONVERSION = YES;
				CLANG_WARN_DEPRECATED_OBJC_IMPLEMENTATIONS = YES;
				CLANG_WARN_DIRECT_OBJC_ISA_USAGE = YES_ERROR;
				CLANG_WARN_DOCUMENTATION_COMMENTS = YES;
				CLANG_WARN_EMPTY_BODY = YES;
				CLANG_WARN_ENUM_CONVERSION = YES;
				CLANG_WARN_INFINITE_RECURSION = YES;
				CLANG_WARN_INT_CONVERSION = YES;
				CLANG_WARN_NON_LITERAL_NULL_CONVERSION = YES;
				CLANG_WARN_OBJC_IMPLICIT_RETAIN_SELF = YES;
				CLANG_WARN_OBJC_LITERAL_CONVERSION = YES;
				CLANG_WARN_OBJC_ROOT_CLASS = YES_ERROR;
				CLANG_WARN_QUOTED_INCLUDE_IN_FRAMEWORK_HEADER = YES;
				CLANG_WARN_RANGE_LOOP_ANALYSIS = YES;
				CLANG_WARN_STRICT_PROTOTYPES = YES;
				CLANG_WARN_SUSPICIOUS_MOVE = YES;
				CLANG_WARN_UNGUARDED_AVAILABILITY = YES_AGGRESSIVE;
				CLANG_WARN_UNREACHABLE_CODE = YES;
				CLANG_WARN__DUPLICATE_METHOD_MATCH = YES;
				COPY_PHASE_STRIP = NO;
				DEBUG_INFORMATION_FORMAT = dwarf;
				ENABLE_STRICT_OBJC_MSGSEND = YES;
				ENABLE_TESTABILITY = YES;
				GCC_C_LANGUAGE_STANDARD = gnu11;
				GCC_DYNAMIC_NO_PIC = NO;
				GCC_NO_COMMON_BLOCKS = YES;
				GCC_OPTIMIZATION_LEVEL = 0;
				GCC_PREPROCESSOR_DEFINITIONS = (
					"DEBUG=1",
					"$(inherited)",
				);
				GCC_WARN_64_TO_32_BIT_CONVERSION = YES;
				GCC_WARN_ABOUT_RETURN_TYPE = YES_ERROR;
				GCC_WARN_UNDECLARED_SELECTOR = YES;
				GCC_WARN_UNINITIALIZED_AUTOS = YES_AGGRESSIVE;
				GCC_WARN_UNUSED_FUNCTION = YES;
				GCC_WARN_UNUSED_VARIABLE = YES;
				IPHONEOS_DEPLOYMENT_TARGET = 14.4;
				MTL_ENABLE_DEBUG_INFO = INCLUDE_SOURCE;
				MTL_FAST_MATH = YES;
				ONLY_ACTIVE_ARCH = YES;
				SDKROOT = iphoneos;
				SWIFT_ACTIVE_COMPILATION_CONDITIONS = DEBUG;
				SWIFT_OPTIMIZATION_LEVEL = "-Onone";
			};
			name = Debug;
		};
		43A2DCAD263012EA00FCCF7C /* Release */ = {
			isa = XCBuildConfiguration;
			buildSettings = {
				ALWAYS_SEARCH_USER_PATHS = NO;
				CLANG_ANALYZER_NONNULL = YES;
				CLANG_ANALYZER_NUMBER_OBJECT_CONVERSION = YES_AGGRESSIVE;
				CLANG_CXX_LANGUAGE_STANDARD = "gnu++14";
				CLANG_CXX_LIBRARY = "libc++";
				CLANG_ENABLE_MODULES = YES;
				CLANG_ENABLE_OBJC_ARC = YES;
				CLANG_ENABLE_OBJC_WEAK = YES;
				CLANG_WARN_BLOCK_CAPTURE_AUTORELEASING = YES;
				CLANG_WARN_BOOL_CONVERSION = YES;
				CLANG_WARN_COMMA = YES;
				CLANG_WARN_CONSTANT_CONVERSION = YES;
				CLANG_WARN_DEPRECATED_OBJC_IMPLEMENTATIONS = YES;
				CLANG_WARN_DIRECT_OBJC_ISA_USAGE = YES_ERROR;
				CLANG_WARN_DOCUMENTATION_COMMENTS = YES;
				CLANG_WARN_EMPTY_BODY = YES;
				CLANG_WARN_ENUM_CONVERSION = YES;
				CLANG_WARN_INFINITE_RECURSION = YES;
				CLANG_WARN_INT_CONVERSION = YES;
				CLANG_WARN_NON_LITERAL_NULL_CONVERSION = YES;
				CLANG_WARN_OBJC_IMPLICIT_RETAIN_SELF = YES;
				CLANG_WARN_OBJC_LITERAL_CONVERSION = YES;
				CLANG_WARN_OBJC_ROOT_CLASS = YES_ERROR;
				CLANG_WARN_QUOTED_INCLUDE_IN_FRAMEWORK_HEADER = YES;
				CLANG_WARN_RANGE_LOOP_ANALYSIS = YES;
				CLANG_WARN_STRICT_PROTOTYPES = YES;
				CLANG_WARN_SUSPICIOUS_MOVE = YES;
				CLANG_WARN_UNGUARDED_AVAILABILITY = YES_AGGRESSIVE;
				CLANG_WARN_UNREACHABLE_CODE = YES;
				CLANG_WARN__DUPLICATE_METHOD_MATCH = YES;
				COPY_PHASE_STRIP = NO;
				DEBUG_INFORMATION_FORMAT = "dwarf-with-dsym";
				ENABLE_NS_ASSERTIONS = NO;
				ENABLE_STRICT_OBJC_MSGSEND = YES;
				GCC_C_LANGUAGE_STANDARD = gnu11;
				GCC_NO_COMMON_BLOCKS = YES;
				GCC_WARN_64_TO_32_BIT_CONVERSION = YES;
				GCC_WARN_ABOUT_RETURN_TYPE = YES_ERROR;
				GCC_WARN_UNDECLARED_SELECTOR = YES;
				GCC_WARN_UNINITIALIZED_AUTOS = YES_AGGRESSIVE;
				GCC_WARN_UNUSED_FUNCTION = YES;
				GCC_WARN_UNUSED_VARIABLE = YES;
				IPHONEOS_DEPLOYMENT_TARGET = 14.4;
				MTL_ENABLE_DEBUG_INFO = NO;
				MTL_FAST_MATH = YES;
				SDKROOT = iphoneos;
				SWIFT_COMPILATION_MODE = wholemodule;
				SWIFT_OPTIMIZATION_LEVEL = "-O";
				VALIDATE_PRODUCT = YES;
			};
			name = Release;
		};
		43A2DCAF263012EA00FCCF7C /* Debug */ = {
			isa = XCBuildConfiguration;
			buildSettings = {
				ASSETCATALOG_COMPILER_APPICON_NAME = AppIcon;
				ASSETCATALOG_COMPILER_GLOBAL_ACCENT_COLOR_NAME = AccentColor;
				CODE_SIGN_STYLE = Automatic;
				DEVELOPMENT_ASSET_PATHS = "\"Facio/Preview Content\"";
				DEVELOPMENT_TEAM = M29GHD24LZ;
				ENABLE_PREVIEWS = YES;
				INFOPLIST_FILE = Facio/Info.plist;
				IPHONEOS_DEPLOYMENT_TARGET = 14.1;
				LD_RUNPATH_SEARCH_PATHS = (
					"$(inherited)",
					"@executable_path/Frameworks",
				);
				PRODUCT_BUNDLE_IDENTIFIER = com.chida.Facio;
				PRODUCT_NAME = "$(TARGET_NAME)";
				SWIFT_VERSION = 5.0;
				TARGETED_DEVICE_FAMILY = "1,2";
			};
			name = Debug;
		};
		43A2DCB0263012EA00FCCF7C /* Release */ = {
			isa = XCBuildConfiguration;
			buildSettings = {
				ASSETCATALOG_COMPILER_APPICON_NAME = AppIcon;
				ASSETCATALOG_COMPILER_GLOBAL_ACCENT_COLOR_NAME = AccentColor;
				CODE_SIGN_STYLE = Automatic;
				DEVELOPMENT_ASSET_PATHS = "\"Facio/Preview Content\"";
				DEVELOPMENT_TEAM = M29GHD24LZ;
				ENABLE_PREVIEWS = YES;
				INFOPLIST_FILE = Facio/Info.plist;
				IPHONEOS_DEPLOYMENT_TARGET = 14.1;
				LD_RUNPATH_SEARCH_PATHS = (
					"$(inherited)",
					"@executable_path/Frameworks",
				);
				PRODUCT_BUNDLE_IDENTIFIER = com.chida.Facio;
				PRODUCT_NAME = "$(TARGET_NAME)";
				SWIFT_VERSION = 5.0;
				TARGETED_DEVICE_FAMILY = "1,2";
			};
			name = Release;
		};
/* End XCBuildConfiguration section */

/* Begin XCConfigurationList section */
		43A2DC9A263012E600FCCF7C /* Build configuration list for PBXProject "Facio" */ = {
			isa = XCConfigurationList;
			buildConfigurations = (
				43A2DCAC263012EA00FCCF7C /* Debug */,
				43A2DCAD263012EA00FCCF7C /* Release */,
			);
			defaultConfigurationIsVisible = 0;
			defaultConfigurationName = Release;
		};
		43A2DCAE263012EA00FCCF7C /* Build configuration list for PBXNativeTarget "Facio" */ = {
			isa = XCConfigurationList;
			buildConfigurations = (
				43A2DCAF263012EA00FCCF7C /* Debug */,
				43A2DCB0263012EA00FCCF7C /* Release */,
			);
			defaultConfigurationIsVisible = 0;
			defaultConfigurationName = Release;
		};
/* End XCConfigurationList section */
	};
	rootObject = 43A2DC97263012E600FCCF7C /* Project object */;
}
