PODS:
  - PickerView (0.4.0)
  - R.swift (5.4.0):
    - R.swift.Library (~> 5.3.0)
  - R.swift.Library (5.3.0)
  - SnapKit (5.0.1)
  - SwiftLint (0.43.1)

DEPENDENCIES:
  - PickerView
  - R.swift
  - SnapKit
  - SwiftLint

SPEC REPOS:
  trunk:
    - PickerView
    - R.swift
    - R.swift.Library
    - SnapKit
    - SwiftLint

SPEC CHECKSUMS:
  PickerView: a736ea986d992aa3ef32423f475fdf3f3a0cf7d4
  R.swift: c533450b0f7dc494e0993f5f1a1db925d84c3006
  R.swift.Library: 0fc583cb55a99e28901299cc451614cad1161962
  SnapKit: 97b92857e3df3a0c71833cce143274bf6ef8e5eb
  SwiftLint: 99f82d07b837b942dd563c668de129a03fc3fb52

PODFILE CHECKSUM: 0f6c09a6a1ed2e1864c633d1dea2352eb2ab4b5e

COCOAPODS: 1.11.2
